
Microsoft Visual Studio Solution File, Format Version 12.00
# Visual Studio Version 16
VisualStudioVersion = 16.0.31702.278
MinimumVisualStudioVersion = 10.0.40219.1
Project("{F184B08F-C81C-45F6-A57F-5ABD9991F28F}") = "MVC_CRUD", "MVC_CRUD.vbproj", "{EB96B1BE-18A4-41CE-8331-3AAE8E074332}"
EndProject
Global
	GlobalSection(SolutionConfigurationPlatforms) = preSolution
		Debug|Any CPU = Debug|Any CPU
		Release|Any CPU = Release|Any CPU
	EndGlobalSection
	GlobalSection(ProjectConfigurationPlatforms) = postSolution
		{EB96B1BE-18A4-41CE-8331-3AAE8E074332}.Debug|Any CPU.ActiveCfg = Debug|Any CPU
		{EB96B1BE-18A4-41CE-8331-3AAE8E074332}.Debug|Any CPU.Build.0 = Debug|Any CPU
		{EB96B1BE-18A4-41CE-8331-3AAE8E074332}.Release|Any CPU.ActiveCfg = Release|Any CPU
		{EB96B1BE-18A4-41CE-8331-3AAE8E074332}.Release|Any CPU.Build.0 = Release|Any CPU
	EndGlobalSection
	GlobalSection(SolutionProperties) = preSolution
		HideSolutionNode = FALSE
	EndGlobalSection
	GlobalSection(ExtensibilityGlobals) = postSolution
		SolutionGuid = {63AD686D-0616-4280-9B63-B18CD5020215}
	EndGlobalSection
EndGlobal
